
Microsoft Visual Studio Solution File, Format Version 12.00
# Visual Studio 15
VisualStudioVersion = 15.0.28307.329
MinimumVisualStudioVersion = 10.0.40219.1
Project("{9A19103F-16F7-4668-BE54-9A1E7A4F7556}") = "SecretRotator.Tests", "SecretRotator.Tests\SecretRotator.Tests.csproj", "{0AB76FB1-BCBD-4839-90BB-CC90D9FCDBFF}"
EndProject
Project("{9A19103F-16F7-4668-BE54-9A1E7A4F7556}") = "SecretRotator", "SecretRotator\SecretRotator.csproj", "{B9F6DD20-A802-4418-890B-EC97B6421239}"
EndProject
Project("{9A19103F-16F7-4668-BE54-9A1E7A4F7556}") = "SecretRotator.LetsEncryptAccountKey", "SecretRotator.LetsEncryptAccountKey\SecretRotator.LetsEncryptAccountKey.csproj", "{78FFB8A8-FE4A-4E59-B68F-EA1531F91246}"
EndProject
Project("{2150E333-8FDC-42A3-9474-1A3956D46DE8}") = "Solution Items", "Solution Items", "{E313368D-C0D0-4B7D-81E7-50521CE6A393}"
	ProjectSection(SolutionItems) = preProject
		CustomResource.js = CustomResource.js
		SecretRotatorTemplate.json = SecretRotatorTemplate.json
	EndProjectSection
EndProject
Global
	GlobalSection(SolutionConfigurationPlatforms) = preSolution
		Debug|Any CPU = Debug|Any CPU
		Release|Any CPU = Release|Any CPU
	EndGlobalSection
	GlobalSection(ProjectConfigurationPlatforms) = postSolution
		{0AB76FB1-BCBD-4839-90BB-CC90D9FCDBFF}.Debug|Any CPU.ActiveCfg = Debug|Any CPU
		{0AB76FB1-BCBD-4839-90BB-CC90D9FCDBFF}.Debug|Any CPU.Build.0 = Debug|Any CPU
		{0AB76FB1-BCBD-4839-90BB-CC90D9FCDBFF}.Release|Any CPU.ActiveCfg = Release|Any CPU
		{0AB76FB1-BCBD-4839-90BB-CC90D9FCDBFF}.Release|Any CPU.Build.0 = Release|Any CPU
		{B9F6DD20-A802-4418-890B-EC97B6421239}.Debug|Any CPU.ActiveCfg = Debug|Any CPU
		{B9F6DD20-A802-4418-890B-EC97B6421239}.Debug|Any CPU.Build.0 = Debug|Any CPU
		{B9F6DD20-A802-4418-890B-EC97B6421239}.Release|Any CPU.ActiveCfg = Release|Any CPU
		{B9F6DD20-A802-4418-890B-EC97B6421239}.Release|Any CPU.Build.0 = Release|Any CPU
		{78FFB8A8-FE4A-4E59-B68F-EA1531F91246}.Debug|Any CPU.ActiveCfg = Debug|Any CPU
		{78FFB8A8-FE4A-4E59-B68F-EA1531F91246}.Debug|Any CPU.Build.0 = Debug|Any CPU
		{78FFB8A8-FE4A-4E59-B68F-EA1531F91246}.Release|Any CPU.ActiveCfg = Release|Any CPU
		{78FFB8A8-FE4A-4E59-B68F-EA1531F91246}.Release|Any CPU.Build.0 = Release|Any CPU
	EndGlobalSection
	GlobalSection(SolutionProperties) = preSolution
		HideSolutionNode = FALSE
	EndGlobalSection
	GlobalSection(ExtensibilityGlobals) = postSolution
		SolutionGuid = {2F10B16D-DC2E-4498-AE9F-CB49F4952548}
	EndGlobalSection
EndGlobal
